{"version":4,"terraform_version":"1.10.5","serial":2,"lineage":"84e592c7-e739-f0bb-b4cd-0a0fdbabefb8","outputs":{"hello_content":{"value":"Hello, World from OpenTofu!","type":"string"}},"resources":[{"mode":"managed","type":"local_file","name":"hello","provider":"provider[\"registry.opentofu.org/hashicorp/local\"]","instances":[{"schema_version":0,"attributes":{"content":"Hello, World from OpenTofu!","content_base64":null,"content_base64sha256":"lx64z0XPJAe65wFY43lvNrHguN+XXuewI8GJgreGDe8=","content_base64sha512":"ZoV20ZS+kN5/hlt14vaXEnSjI/JOMpDtVuaEo6oO0bRxhZG3hJwA4JVov8K/JCbV83aLkU9NbvMLDsYXIEKIpA==","content_md5":"7f2fda8ac48942031b276a505b76426f","content_sha1":"356d622d3399e5f0d489fed8ed77bd21f83d9b4a","content_sha256":"971eb8cf45cf2407bae70158e3796f36b1e0b8df975ee7b023c18982b7860def","content_sha512":"668576d194be90de7f865b75e2f6971274a323f24e3290ed56e684a3aa0ed1b4718591b7849c00e09568bfc2bf2426d5f3768b914f4d6ef30b0ec617204288a4","directory_permission":"0777","file_permission":"0777","filename":"./hello.txt","id":"356d622d3399e5f0d489fed8ed77bd21f83d9b4a","sensitive_content":null,"source":null},"sensitive_attributes":[[{"type":"get_attr","value":"sensitive_content"}]]}]}],"check_results":null}
